
Microsoft Visual Studio Solution File, Format Version 12.00
# Visual Studio Version 17
VisualStudioVersion = 17.7.34031.279
MinimumVisualStudioVersion = 10.0.40219.1
Project("{FAE04EC0-301F-11D3-BF4B-00C04F79EFBC}") = "VipFitness-ADMIN", "VipFitness-ADMIN\VipFitness-ADMIN.csproj", "{3B65412D-6807-47B3-AC25-291A3D904F66}"
EndProject
Global
	GlobalSection(SolutionConfigurationPlatforms) = preSolution
		Debug|Any CPU = Debug|Any CPU
		Release|Any CPU = Release|Any CPU
	EndGlobalSection
	GlobalSection(ProjectConfigurationPlatforms) = postSolution
		{3B65412D-6807-47B3-AC25-291A3D904F66}.Debug|Any CPU.ActiveCfg = Debug|Any CPU
		{3B65412D-6807-47B3-AC25-291A3D904F66}.Debug|Any CPU.Build.0 = Debug|Any CPU
		{3B65412D-6807-47B3-AC25-291A3D904F66}.Release|Any CPU.ActiveCfg = Release|Any CPU
		{3B65412D-6807-47B3-AC25-291A3D904F66}.Release|Any CPU.Build.0 = Release|Any CPU
	EndGlobalSection
	GlobalSection(SolutionProperties) = preSolution
		HideSolutionNode = FALSE
	EndGlobalSection
	GlobalSection(ExtensibilityGlobals) = postSolution
		SolutionGuid = {DCED9106-1194-4DCF-910A-5BFF15AC8702}
	EndGlobalSection
EndGlobal
